<Solution>
  <Folder Name="/src/">
    <Project Path="EnergyShare_v3.Application/EnergyShare_v3.Application.csproj" Id="41c553fd-dd84-4fcf-aeac-8ba20f8ea516" />
    <Project Path="EnergyShare_v3.Bricks/EnergyShare_v3.Bricks.csproj" Id="7d692519-a21d-47ef-b204-fce17f09c4d9" />
    <Project Path="EnergyShare_v3.Domain/EnergyShare_v3.Domain.csproj" Id="1f9f7215-ecc8-4c8f-abfd-97f5b2c168aa" />
    <Project Path="EnergyShare_v3.Infrastructure/EnergyShare_v3.Infrastructure.csproj" Id="d47e83b4-f03e-4547-a770-2632d6c282ce" />
    <Project Path="src/EnergyShare_v3.Web/EnergyShare_v3.Web.csproj" />
  </Folder>
  <Folder Name="/tests/">
    <Project Path="EnergyShare_v3.IntegrationTests/EnergyShare_v3.IntegrationTests.csproj" Id="9d04613a-e3cf-4b56-b6c0-b84f701161b8" />
    <Project Path="tests/EnergyShare_v3.Backend.Tests/EnergyShare_v3.Backend.Tests.csproj" Id="53d5456d-f839-41a8-a5a6-178fac3022a7" />
  </Folder>
</Solution>
